
Microsoft Visual Studio Solution File, Format Version 12.00
# Visual Studio 2013
VisualStudioVersion = 12.0.30501.0
MinimumVisualStudioVersion = 10.0.40219.1
Project("{8BC9CEB8-8B4A-11D0-8D11-00A0C91BC942}") = "1089", "1089\1089.vcxproj", "{2C29EB23-849E-4052-9189-EE61507D860C}"
EndProject
Project("{8BC9CEB8-8B4A-11D0-8D11-00A0C91BC942}") = "1090", "1090\1090.vcxproj", "{A9361E13-90C3-4551-91B3-6BA369E00A8B}"
EndProject
Project("{8BC9CEB8-8B4A-11D0-8D11-00A0C91BC942}") = "1091", "1091\1091.vcxproj", "{67139E44-B6DC-405D-8A3C-DF11570065FA}"
EndProject
Project("{8BC9CEB8-8B4A-11D0-8D11-00A0C91BC942}") = "1092", "1092\1092.vcxproj", "{2F2A9928-1DC3-4224-95C9-1745EA1413F8}"
EndProject
Project("{8BC9CEB8-8B4A-11D0-8D11-00A0C91BC942}") = "1093", "1093\1093.vcxproj", "{606D53CA-AC7D-4AA3-9921-3BBA355BC3ED}"
EndProject
Project("{8BC9CEB8-8B4A-11D0-8D11-00A0C91BC942}") = "1085", "1085\1085.vcxproj", "{CABAF1DD-DBAF-4D55-8932-F029286E60AE}"
EndProject
Project("{8BC9CEB8-8B4A-11D0-8D11-00A0C91BC942}") = "bc1", "bc1\bc1.vcxproj", "{6ACEBE86-476C-4D0E-ACE1-2CB6E56BB103}"
EndProject
Project("{8BC9CEB8-8B4A-11D0-8D11-00A0C91BC942}") = "Project3", "Project3\Project3.vcxproj", "{96FAD5EF-BE10-45FC-87F2-45126371C106}"
EndProject
Project("{8BC9CEB8-8B4A-11D0-8D11-00A0C91BC942}") = "bc-20140810", "bc-20140810\bc-20140810.vcxproj", "{22F56A15-BDAD-4AD1-866B-1818B25DA979}"
EndProject
Project("{8BC9CEB8-8B4A-11D0-8D11-00A0C91BC942}") = "2017", "2017\Project1.vcxproj", "{F1804A04-BF84-43A7-9215-A3E8D153790F}"
EndProject
Project("{8BC9CEB8-8B4A-11D0-8D11-00A0C91BC942}") = "2000", "2000\2000.vcxproj", "{BDED5088-E264-4DA4-80E8-A7BFE2A5F81B}"
EndProject
Project("{8BC9CEB8-8B4A-11D0-8D11-00A0C91BC942}") = "2059-1", "2059-1\2059-1.vcxproj", "{D1E71909-C8C0-4E7B-8CBE-9FA221373015}"
EndProject
Project("{8BC9CEB8-8B4A-11D0-8D11-00A0C91BC942}") = "2063", "2063\2063.vcxproj", "{368067C1-1F99-4673-9B53-A8B8BEBA90DC}"
EndProject
Project("{8BC9CEB8-8B4A-11D0-8D11-00A0C91BC942}") = "1060", "1060\1060.vcxproj", "{522EBDAE-DC28-4E92-AD1F-9C831B5B77DC}"
EndProject
Project("{8BC9CEB8-8B4A-11D0-8D11-00A0C91BC942}") = "1061", "1061\1061.vcxproj", "{E9C9A7C4-D6FD-4EB4-B7AA-F4542BA2B3C7}"
EndProject
Project("{8BC9CEB8-8B4A-11D0-8D11-00A0C91BC942}") = "1062", "1062\1062.vcxproj", "{CA8BCAE8-D37E-4859-B732-F563E0F6772B}"
EndProject
Project("{8BC9CEB8-8B4A-11D0-8D11-00A0C91BC942}") = "1063", "1063\1063.vcxproj", "{A46478A4-0150-4FC4-ACE7-409F295B481C}"
EndProject
Project("{8BC9CEB8-8B4A-11D0-8D11-00A0C91BC942}") = "1064", "1064\1064.vcxproj", "{18ECB9C3-4486-42B1-933A-5268074F8984}"
EndProject
Project("{8BC9CEB8-8B4A-11D0-8D11-00A0C91BC942}") = "1066", "1066\1066.vcxproj", "{01711BB2-1837-405C-9A75-3875A22E5E12}"
EndProject
Project("{8BC9CEB8-8B4A-11D0-8D11-00A0C91BC942}") = "bc6-0824", "bc6-0824\bc6-0824.vcxproj", "{754568A9-B923-4CB0-B121-F8EB7B675431}"
EndProject
Project("{8BC9CEB8-8B4A-11D0-8D11-00A0C91BC942}") = "bc6-2", "bc6-2\bc6-2.vcxproj", "{B87BA237-774F-4462-9752-FF571D26F1D3}"
EndProject
Project("{8BC9CEB8-8B4A-11D0-8D11-00A0C91BC942}") = "bc6-3", "bc6-3\bc6-3.vcxproj", "{830BFAA6-D4D6-4839-9C76-D46BEC1C05A9}"
EndProject
Project("{8BC9CEB8-8B4A-11D0-8D11-00A0C91BC942}") = "1068", "1068\1068.vcxproj", "{91ECE9BF-215E-4B74-BF77-B6D6D7A1CA2F}"
EndProject
Project("{8BC9CEB8-8B4A-11D0-8D11-00A0C91BC942}") = "1069", "1069\1069.vcxproj", "{9F144BEB-1486-41AF-B241-6072DDE5CC6E}"
EndProject
Project("{8BC9CEB8-8B4A-11D0-8D11-00A0C91BC942}") = "1070", "1070\1070.vcxproj", "{0DBE5327-7053-4301-B0EC-4E65B611A522}"
EndProject
Project("{8BC9CEB8-8B4A-11D0-8D11-00A0C91BC942}") = "1071", "1071\1071.vcxproj", "{15A436A0-A85B-433F-8389-32B3325CC5BC}"
EndProject
Project("{8BC9CEB8-8B4A-11D0-8D11-00A0C91BC942}") = "1072", "1072\1072.vcxproj", "{63AF7B01-FED5-4716-9C19-5C209ACF4C71}"
EndProject
Project("{8BC9CEB8-8B4A-11D0-8D11-00A0C91BC942}") = "1073", "1073\1073.vcxproj", "{881104D6-3168-49AA-9154-404AE1C1F3B8}"
EndProject
Project("{8BC9CEB8-8B4A-11D0-8D11-00A0C91BC942}") = "1074", "1074\1074.vcxproj", "{70AAD63A-D046-4A64-8782-E5A1B4149EC7}"
EndProject
Project("{8BC9CEB8-8B4A-11D0-8D11-00A0C91BC942}") = "1075", "1075\1075.vcxproj", "{2D76CDE4-D331-4DCC-A196-6D63F245C044}"
EndProject
Project("{8BC9CEB8-8B4A-11D0-8D11-00A0C91BC942}") = "1076", "1076\1076.vcxproj", "{A2ACBBCB-03D8-4446-A49B-56BBF0F6EEF6}"
EndProject
Project("{8BC9CEB8-8B4A-11D0-8D11-00A0C91BC942}") = "1078", "1078\1078.vcxproj", "{D5B2EB80-D8D6-45E6-9677-3D9879186359}"
EndProject
Project("{8BC9CEB8-8B4A-11D0-8D11-00A0C91BC942}") = "ali-0829-1", "ali-0829-1\ali-0829-1.vcxproj", "{CD46E1B4-23C8-4E35-ADC4-E7573FE489F8}"
EndProject
Project("{8BC9CEB8-8B4A-11D0-8D11-00A0C91BC942}") = "1097", "1097\1097.vcxproj", "{64A68366-30BB-4D0E-9F88-98BEBDE3E960}"
EndProject
Project("{8BC9CEB8-8B4A-11D0-8D11-00A0C91BC942}") = "1096", "1096\1096.vcxproj", "{A3484D1D-CEEB-4F39-B7AD-53B2730DB0B8}"
EndProject
Project("{8BC9CEB8-8B4A-11D0-8D11-00A0C91BC942}") = "1080", "1080\1080.vcxproj", "{1667AA73-5001-479E-B71E-99FC493207ED}"
EndProject
Project("{8BC9CEB8-8B4A-11D0-8D11-00A0C91BC942}") = "bc8-1-0907", "bc8-1-0907\bc8-1-0907.vcxproj", "{CAC0D0C9-2EB6-469E-B15C-778FAC3436D2}"
EndProject
Project("{8BC9CEB8-8B4A-11D0-8D11-00A0C91BC942}") = "bc8-2", "bc8-2\bc8-2.vcxproj", "{0C0BBEE5-327C-4D60-955E-BF71A13DB3ED}"
EndProject
Project("{8BC9CEB8-8B4A-11D0-8D11-00A0C91BC942}") = "bc10-1", "bc10-1\bc10-1.vcxproj", "{E598A81D-D328-426E-BFBB-DF7A68A365E6}"
EndProject
Project("{8BC9CEB8-8B4A-11D0-8D11-00A0C91BC942}") = "bc10-2", "bc10-2\bc10-2.vcxproj", "{F5CEBC35-F538-491E-98D9-654E928D5853}"
EndProject
Project("{8BC9CEB8-8B4A-11D0-8D11-00A0C91BC942}") = "bc10-3", "bc10-3\bc10-3.vcxproj", "{91D0728A-35A8-4DDC-A4E2-0AE5BD947DDB}"
EndProject
Project("{8BC9CEB8-8B4A-11D0-8D11-00A0C91BC942}") = "球桌管理", "球桌管理\球桌管理.vcxproj", "{154352DD-8900-4005-B09C-F6A4CA5A067C}"
EndProject
Project("{8BC9CEB8-8B4A-11D0-8D11-00A0C91BC942}") = "1142", "1142\1142.vcxproj", "{A722099B-A0CC-47D0-BDC8-3C6C7DECCF93}"
EndProject
Project("{8BC9CEB8-8B4A-11D0-8D11-00A0C91BC942}") = "2066-1", "2066-1\2066-1.vcxproj", "{42C77F2A-EFD7-4C82-9DB6-E3A66DA4860D}"
EndProject
Project("{8BC9CEB8-8B4A-11D0-8D11-00A0C91BC942}") = "华为140926", "华为140926\华为140926.vcxproj", "{80000CFF-1EC6-4807-B001-03CD6432C001}"
EndProject
Project("{8BC9CEB8-8B4A-11D0-8D11-00A0C91BC942}") = "0810", "0810\0810.vcxproj", "{BD015DE5-FFFA-4359-87CA-D94A6E8CCD04}"
EndProject
Project("{8BC9CEB8-8B4A-11D0-8D11-00A0C91BC942}") = "1116", "1116\1116.vcxproj", "{B0A71FA6-558D-4E17-8F9A-A174B8027F22}"
EndProject
Project("{8BC9CEB8-8B4A-11D0-8D11-00A0C91BC942}") = "bc11-1", "bc11-1\bc11-1.vcxproj", "{439AEC40-8B12-42A3-9B44-E2E3AEDE43B9}"
EndProject
Project("{8BC9CEB8-8B4A-11D0-8D11-00A0C91BC942}") = "2005", "2005\2005.vcxproj", "{E4AC4E1F-5382-44D2-9CB3-B97545DBEC55}"
EndProject
Project("{8BC9CEB8-8B4A-11D0-8D11-00A0C91BC942}") = "1045", "1045\1045.vcxproj", "{74603762-07CE-4014-8152-5E0EC46364E2}"
EndProject
Project("{8BC9CEB8-8B4A-11D0-8D11-00A0C91BC942}") = "1054", "1054\1054.vcxproj", "{F8748832-0033-4102-BA68-73FEBBCE55D6}"
EndProject
Project("{8BC9CEB8-8B4A-11D0-8D11-00A0C91BC942}") = "1715", "1715\1715.vcxproj", "{88B40D0A-37B3-402C-A434-59A9EDAAE491}"
EndProject
Project("{8BC9CEB8-8B4A-11D0-8D11-00A0C91BC942}") = "1316", "1316\1316.vcxproj", "{8867FCE2-65ED-4E77-885D-C10C1F241BE2}"
EndProject
Project("{8BC9CEB8-8B4A-11D0-8D11-00A0C91BC942}") = "bc12", "bc12\bc12.vcxproj", "{AFF54345-7F0A-46F1-8933-8662D8070076}"
EndProject
Project("{8BC9CEB8-8B4A-11D0-8D11-00A0C91BC942}") = "bc19-1", "bc19-1\bc19-1.vcxproj", "{039A4733-8F15-4A23-B409-33A7F2E46680}"
EndProject
Project("{8BC9CEB8-8B4A-11D0-8D11-00A0C91BC942}") = "1108", "1108\1108.vcxproj", "{FB1AB941-B8A1-4294-8DCA-84521A29A9E6}"
EndProject
Project("{8BC9CEB8-8B4A-11D0-8D11-00A0C91BC942}") = "1107", "1107\1107.vcxproj", "{96CC2B3E-B369-4DE9-8D63-3372617E8CA2}"
EndProject
Project("{8BC9CEB8-8B4A-11D0-8D11-00A0C91BC942}") = "2186", "2186\2186.vcxproj", "{7AE30722-B2E7-42FF-AAA9-C7E7F4F2B910}"
EndProject
Project("{8BC9CEB8-8B4A-11D0-8D11-00A0C91BC942}") = "2101", "2101\2101.vcxproj", "{0155F1CB-B12A-4A4A-AAE2-317F65A5B725}"
EndProject
Project("{8BC9CEB8-8B4A-11D0-8D11-00A0C91BC942}") = "2100", "2100\2100.vcxproj", "{7C47C814-81BA-443B-AA7C-3BDCDD3B39C1}"
EndProject
Project("{8BC9CEB8-8B4A-11D0-8D11-00A0C91BC942}") = "bc38", "bc-38\bc-38.vcxproj", "{8F6ED115-4218-448A-8BDA-103C971DD51A}"
EndProject
Project("{8BC9CEB8-8B4A-11D0-8D11-00A0C91BC942}") = "2102", "2102\2102.vcxproj", "{A9C510C8-0AE9-49AD-A0CD-A0AEC1FE3F58}"
EndProject
Project("{8BC9CEB8-8B4A-11D0-8D11-00A0C91BC942}") = "bc-150502", "bc-150502\bc-150502.vcxproj", "{FCE6201C-BD01-4F9E-A600-EFF36779A6E6}"
EndProject
Project("{8BC9CEB8-8B4A-11D0-8D11-00A0C91BC942}") = "2103", "2103\2103.vcxproj", "{D0565622-8741-4D8B-BC88-E1667F63EBF4}"
EndProject
Project("{8BC9CEB8-8B4A-11D0-8D11-00A0C91BC942}") = "2104", "2104\2104.vcxproj", "{3228504B-6C63-408D-917A-FFEFE17B04CB}"
EndProject
Project("{8BC9CEB8-8B4A-11D0-8D11-00A0C91BC942}") = "2105", "2105\2105.vcxproj", "{A57EC5EA-E0B4-4788-BD3F-C14F045AA1CB}"
EndProject
Project("{8BC9CEB8-8B4A-11D0-8D11-00A0C91BC942}") = "bc-ah", "bc-ah\bc-ah.vcxproj", "{1B91FF3B-A488-492A-84D7-190ABBB55E76}"
EndProject
Project("{8BC9CEB8-8B4A-11D0-8D11-00A0C91BC942}") = "bc-44", "bc-44\bc-44.vcxproj", "{EE349E04-FFED-4B2D-B365-D4D09149D4C2}"
EndProject
Global
	GlobalSection(SolutionConfigurationPlatforms) = preSolution
		Debug|Win32 = Debug|Win32
		Release|Win32 = Release|Win32
	EndGlobalSection
	GlobalSection(ProjectConfigurationPlatforms) = postSolution
		{2C29EB23-849E-4052-9189-EE61507D860C}.Debug|Win32.ActiveCfg = Debug|Win32
		{2C29EB23-849E-4052-9189-EE61507D860C}.Debug|Win32.Build.0 = Debug|Win32
		{2C29EB23-849E-4052-9189-EE61507D860C}.Release|Win32.ActiveCfg = Release|Win32
		{2C29EB23-849E-4052-9189-EE61507D860C}.Release|Win32.Build.0 = Release|Win32
		{A9361E13-90C3-4551-91B3-6BA369E00A8B}.Debug|Win32.ActiveCfg = Debug|Win32
		{A9361E13-90C3-4551-91B3-6BA369E00A8B}.Debug|Win32.Build.0 = Debug|Win32
		{A9361E13-90C3-4551-91B3-6BA369E00A8B}.Release|Win32.ActiveCfg = Release|Win32
		{A9361E13-90C3-4551-91B3-6BA369E00A8B}.Release|Win32.Build.0 = Release|Win32
		{67139E44-B6DC-405D-8A3C-DF11570065FA}.Debug|Win32.ActiveCfg = Debug|Win32
		{67139E44-B6DC-405D-8A3C-DF11570065FA}.Debug|Win32.Build.0 = Debug|Win32
		{67139E44-B6DC-405D-8A3C-DF11570065FA}.Release|Win32.ActiveCfg = Release|Win32
		{67139E44-B6DC-405D-8A3C-DF11570065FA}.Release|Win32.Build.0 = Release|Win32
		{2F2A9928-1DC3-4224-95C9-1745EA1413F8}.Debug|Win32.ActiveCfg = Debug|Win32
		{2F2A9928-1DC3-4224-95C9-1745EA1413F8}.Debug|Win32.Build.0 = Debug|Win32
		{2F2A9928-1DC3-4224-95C9-1745EA1413F8}.Release|Win32.ActiveCfg = Release|Win32
		{2F2A9928-1DC3-4224-95C9-1745EA1413F8}.Release|Win32.Build.0 = Release|Win32
		{606D53CA-AC7D-4AA3-9921-3BBA355BC3ED}.Debug|Win32.ActiveCfg = Debug|Win32
		{606D53CA-AC7D-4AA3-9921-3BBA355BC3ED}.Debug|Win32.Build.0 = Debug|Win32
		{606D53CA-AC7D-4AA3-9921-3BBA355BC3ED}.Release|Win32.ActiveCfg = Release|Win32
		{606D53CA-AC7D-4AA3-9921-3BBA355BC3ED}.Release|Win32.Build.0 = Release|Win32
		{CABAF1DD-DBAF-4D55-8932-F029286E60AE}.Debug|Win32.ActiveCfg = Debug|Win32
		{CABAF1DD-DBAF-4D55-8932-F029286E60AE}.Debug|Win32.Build.0 = Debug|Win32
		{CABAF1DD-DBAF-4D55-8932-F029286E60AE}.Release|Win32.ActiveCfg = Release|Win32
		{CABAF1DD-DBAF-4D55-8932-F029286E60AE}.Release|Win32.Build.0 = Release|Win32
		{6ACEBE86-476C-4D0E-ACE1-2CB6E56BB103}.Debug|Win32.ActiveCfg = Debug|Win32
		{6ACEBE86-476C-4D0E-ACE1-2CB6E56BB103}.Debug|Win32.Build.0 = Debug|Win32
		{6ACEBE86-476C-4D0E-ACE1-2CB6E56BB103}.Release|Win32.ActiveCfg = Release|Win32
		{6ACEBE86-476C-4D0E-ACE1-2CB6E56BB103}.Release|Win32.Build.0 = Release|Win32
		{96FAD5EF-BE10-45FC-87F2-45126371C106}.Debug|Win32.ActiveCfg = Debug|Win32
		{96FAD5EF-BE10-45FC-87F2-45126371C106}.Debug|Win32.Build.0 = Debug|Win32
		{96FAD5EF-BE10-45FC-87F2-45126371C106}.Release|Win32.ActiveCfg = Release|Win32
		{96FAD5EF-BE10-45FC-87F2-45126371C106}.Release|Win32.Build.0 = Release|Win32
		{22F56A15-BDAD-4AD1-866B-1818B25DA979}.Debug|Win32.ActiveCfg = Debug|Win32
		{22F56A15-BDAD-4AD1-866B-1818B25DA979}.Debug|Win32.Build.0 = Debug|Win32
		{22F56A15-BDAD-4AD1-866B-1818B25DA979}.Release|Win32.ActiveCfg = Release|Win32
		{22F56A15-BDAD-4AD1-866B-1818B25DA979}.Release|Win32.Build.0 = Release|Win32
		{F1804A04-BF84-43A7-9215-A3E8D153790F}.Debug|Win32.ActiveCfg = Debug|Win32
		{F1804A04-BF84-43A7-9215-A3E8D153790F}.Debug|Win32.Build.0 = Debug|Win32
		{F1804A04-BF84-43A7-9215-A3E8D153790F}.Release|Win32.ActiveCfg = Release|Win32
		{F1804A04-BF84-43A7-9215-A3E8D153790F}.Release|Win32.Build.0 = Release|Win32
		{BDED5088-E264-4DA4-80E8-A7BFE2A5F81B}.Debug|Win32.ActiveCfg = Debug|Win32
		{BDED5088-E264-4DA4-80E8-A7BFE2A5F81B}.Debug|Win32.Build.0 = Debug|Win32
		{BDED5088-E264-4DA4-80E8-A7BFE2A5F81B}.Release|Win32.ActiveCfg = Release|Win32
		{BDED5088-E264-4DA4-80E8-A7BFE2A5F81B}.Release|Win32.Build.0 = Release|Win32
		{D1E71909-C8C0-4E7B-8CBE-9FA221373015}.Debug|Win32.ActiveCfg = Debug|Win32
		{D1E71909-C8C0-4E7B-8CBE-9FA221373015}.Debug|Win32.Build.0 = Debug|Win32
		{D1E71909-C8C0-4E7B-8CBE-9FA221373015}.Release|Win32.ActiveCfg = Release|Win32
		{D1E71909-C8C0-4E7B-8CBE-9FA221373015}.Release|Win32.Build.0 = Release|Win32
		{368067C1-1F99-4673-9B53-A8B8BEBA90DC}.Debug|Win32.ActiveCfg = Debug|Win32
		{368067C1-1F99-4673-9B53-A8B8BEBA90DC}.Debug|Win32.Build.0 = Debug|Win32
		{368067C1-1F99-4673-9B53-A8B8BEBA90DC}.Release|Win32.ActiveCfg = Release|Win32
		{368067C1-1F99-4673-9B53-A8B8BEBA90DC}.Release|Win32.Build.0 = Release|Win32
		{522EBDAE-DC28-4E92-AD1F-9C831B5B77DC}.Debug|Win32.ActiveCfg = Debug|Win32
		{522EBDAE-DC28-4E92-AD1F-9C831B5B77DC}.Debug|Win32.Build.0 = Debug|Win32
		{522EBDAE-DC28-4E92-AD1F-9C831B5B77DC}.Release|Win32.ActiveCfg = Release|Win32
		{522EBDAE-DC28-4E92-AD1F-9C831B5B77DC}.Release|Win32.Build.0 = Release|Win32
		{E9C9A7C4-D6FD-4EB4-B7AA-F4542BA2B3C7}.Debug|Win32.ActiveCfg = Debug|Win32
		{E9C9A7C4-D6FD-4EB4-B7AA-F4542BA2B3C7}.Debug|Win32.Build.0 = Debug|Win32
		{E9C9A7C4-D6FD-4EB4-B7AA-F4542BA2B3C7}.Release|Win32.ActiveCfg = Release|Win32
		{E9C9A7C4-D6FD-4EB4-B7AA-F4542BA2B3C7}.Release|Win32.Build.0 = Release|Win32
		{CA8BCAE8-D37E-4859-B732-F563E0F6772B}.Debug|Win32.ActiveCfg = Debug|Win32
		{CA8BCAE8-D37E-4859-B732-F563E0F6772B}.Debug|Win32.Build.0 = Debug|Win32
		{CA8BCAE8-D37E-4859-B732-F563E0F6772B}.Release|Win32.ActiveCfg = Release|Win32
		{CA8BCAE8-D37E-4859-B732-F563E0F6772B}.Release|Win32.Build.0 = Release|Win32
		{A46478A4-0150-4FC4-ACE7-409F295B481C}.Debug|Win32.ActiveCfg = Debug|Win32
		{A46478A4-0150-4FC4-ACE7-409F295B481C}.Debug|Win32.Build.0 = Debug|Win32
		{A46478A4-0150-4FC4-ACE7-409F295B481C}.Release|Win32.ActiveCfg = Release|Win32
		{A46478A4-0150-4FC4-ACE7-409F295B481C}.Release|Win32.Build.0 = Release|Win32
		{18ECB9C3-4486-42B1-933A-5268074F8984}.Debug|Win32.ActiveCfg = Debug|Win32
		{18ECB9C3-4486-42B1-933A-5268074F8984}.Debug|Win32.Build.0 = Debug|Win32
		{18ECB9C3-4486-42B1-933A-5268074F8984}.Release|Win32.ActiveCfg = Release|Win32
		{18ECB9C3-4486-42B1-933A-5268074F8984}.Release|Win32.Build.0 = Release|Win32
		{01711BB2-1837-405C-9A75-3875A22E5E12}.Debug|Win32.ActiveCfg = Debug|Win32
		{01711BB2-1837-405C-9A75-3875A22E5E12}.Debug|Win32.Build.0 = Debug|Win32
		{01711BB2-1837-405C-9A75-3875A22E5E12}.Release|Win32.ActiveCfg = Release|Win32
		{01711BB2-1837-405C-9A75-3875A22E5E12}.Release|Win32.Build.0 = Release|Win32
		{754568A9-B923-4CB0-B121-F8EB7B675431}.Debug|Win32.ActiveCfg = Debug|Win32
		{754568A9-B923-4CB0-B121-F8EB7B675431}.Debug|Win32.Build.0 = Debug|Win32
		{754568A9-B923-4CB0-B121-F8EB7B675431}.Release|Win32.ActiveCfg = Release|Win32
		{754568A9-B923-4CB0-B121-F8EB7B675431}.Release|Win32.Build.0 = Release|Win32
		{B87BA237-774F-4462-9752-FF571D26F1D3}.Debug|Win32.ActiveCfg = Debug|Win32
		{B87BA237-774F-4462-9752-FF571D26F1D3}.Debug|Win32.Build.0 = Debug|Win32
		{B87BA237-774F-4462-9752-FF571D26F1D3}.Release|Win32.ActiveCfg = Release|Win32
		{B87BA237-774F-4462-9752-FF571D26F1D3}.Release|Win32.Build.0 = Release|Win32
		{830BFAA6-D4D6-4839-9C76-D46BEC1C05A9}.Debug|Win32.ActiveCfg = Debug|Win32
		{830BFAA6-D4D6-4839-9C76-D46BEC1C05A9}.Debug|Win32.Build.0 = Debug|Win32
		{830BFAA6-D4D6-4839-9C76-D46BEC1C05A9}.Release|Win32.ActiveCfg = Release|Win32
		{830BFAA6-D4D6-4839-9C76-D46BEC1C05A9}.Release|Win32.Build.0 = Release|Win32
		{91ECE9BF-215E-4B74-BF77-B6D6D7A1CA2F}.Debug|Win32.ActiveCfg = Debug|Win32
		{91ECE9BF-215E-4B74-BF77-B6D6D7A1CA2F}.Debug|Win32.Build.0 = Debug|Win32
		{91ECE9BF-215E-4B74-BF77-B6D6D7A1CA2F}.Release|Win32.ActiveCfg = Release|Win32
		{91ECE9BF-215E-4B74-BF77-B6D6D7A1CA2F}.Release|Win32.Build.0 = Release|Win32
		{9F144BEB-1486-41AF-B241-6072DDE5CC6E}.Debug|Win32.ActiveCfg = Debug|Win32
		{9F144BEB-1486-41AF-B241-6072DDE5CC6E}.Debug|Win32.Build.0 = Debug|Win32
		{9F144BEB-1486-41AF-B241-6072DDE5CC6E}.Release|Win32.ActiveCfg = Release|Win32
		{9F144BEB-1486-41AF-B241-6072DDE5CC6E}.Release|Win32.Build.0 = Release|Win32
		{0DBE5327-7053-4301-B0EC-4E65B611A522}.Debug|Win32.ActiveCfg = Debug|Win32
		{0DBE5327-7053-4301-B0EC-4E65B611A522}.Debug|Win32.Build.0 = Debug|Win32
		{0DBE5327-7053-4301-B0EC-4E65B611A522}.Release|Win32.ActiveCfg = Release|Win32
		{0DBE5327-7053-4301-B0EC-4E65B611A522}.Release|Win32.Build.0 = Release|Win32
		{15A436A0-A85B-433F-8389-32B3325CC5BC}.Debug|Win32.ActiveCfg = Debug|Win32
		{15A436A0-A85B-433F-8389-32B3325CC5BC}.Debug|Win32.Build.0 = Debug|Win32
		{15A436A0-A85B-433F-8389-32B3325CC5BC}.Release|Win32.ActiveCfg = Release|Win32
		{15A436A0-A85B-433F-8389-32B3325CC5BC}.Release|Win32.Build.0 = Release|Win32
		{63AF7B01-FED5-4716-9C19-5C209ACF4C71}.Debug|Win32.ActiveCfg = Debug|Win32
		{63AF7B01-FED5-4716-9C19-5C209ACF4C71}.Debug|Win32.Build.0 = Debug|Win32
		{63AF7B01-FED5-4716-9C19-5C209ACF4C71}.Release|Win32.ActiveCfg = Release|Win32
		{63AF7B01-FED5-4716-9C19-5C209ACF4C71}.Release|Win32.Build.0 = Release|Win32
		{881104D6-3168-49AA-9154-404AE1C1F3B8}.Debug|Win32.ActiveCfg = Debug|Win32
		{881104D6-3168-49AA-9154-404AE1C1F3B8}.Debug|Win32.Build.0 = Debug|Win32
		{881104D6-3168-49AA-9154-404AE1C1F3B8}.Release|Win32.ActiveCfg = Release|Win32
		{881104D6-3168-49AA-9154-404AE1C1F3B8}.Release|Win32.Build.0 = Release|Win32
		{70AAD63A-D046-4A64-8782-E5A1B4149EC7}.Debug|Win32.ActiveCfg = Debug|Win32
		{70AAD63A-D046-4A64-8782-E5A1B4149EC7}.Debug|Win32.Build.0 = Debug|Win32
		{70AAD63A-D046-4A64-8782-E5A1B4149EC7}.Release|Win32.ActiveCfg = Release|Win32
		{70AAD63A-D046-4A64-8782-E5A1B4149EC7}.Release|Win32.Build.0 = Release|Win32
		{2D76CDE4-D331-4DCC-A196-6D63F245C044}.Debug|Win32.ActiveCfg = Debug|Win32
		{2D76CDE4-D331-4DCC-A196-6D63F245C044}.Debug|Win32.Build.0 = Debug|Win32
		{2D76CDE4-D331-4DCC-A196-6D63F245C044}.Release|Win32.ActiveCfg = Release|Win32
		{2D76CDE4-D331-4DCC-A196-6D63F245C044}.Release|Win32.Build.0 = Release|Win32
		{A2ACBBCB-03D8-4446-A49B-56BBF0F6EEF6}.Debug|Win32.ActiveCfg = Debug|Win32
		{A2ACBBCB-03D8-4446-A49B-56BBF0F6EEF6}.Debug|Win32.Build.0 = Debug|Win32
		{A2ACBBCB-03D8-4446-A49B-56BBF0F6EEF6}.Release|Win32.ActiveCfg = Release|Win32
		{A2ACBBCB-03D8-4446-A49B-56BBF0F6EEF6}.Release|Win32.Build.0 = Release|Win32
		{D5B2EB80-D8D6-45E6-9677-3D9879186359}.Debug|Win32.ActiveCfg = Debug|Win32
		{D5B2EB80-D8D6-45E6-9677-3D9879186359}.Debug|Win32.Build.0 = Debug|Win32
		{D5B2EB80-D8D6-45E6-9677-3D9879186359}.Release|Win32.ActiveCfg = Release|Win32
		{D5B2EB80-D8D6-45E6-9677-3D9879186359}.Release|Win32.Build.0 = Release|Win32
		{CD46E1B4-23C8-4E35-ADC4-E7573FE489F8}.Debug|Win32.ActiveCfg = Debug|Win32
		{CD46E1B4-23C8-4E35-ADC4-E7573FE489F8}.Debug|Win32.Build.0 = Debug|Win32
		{CD46E1B4-23C8-4E35-ADC4-E7573FE489F8}.Release|Win32.ActiveCfg = Release|Win32
		{CD46E1B4-23C8-4E35-ADC4-E7573FE489F8}.Release|Win32.Build.0 = Release|Win32
		{64A68366-30BB-4D0E-9F88-98BEBDE3E960}.Debug|Win32.ActiveCfg = Debug|Win32
		{64A68366-30BB-4D0E-9F88-98BEBDE3E960}.Debug|Win32.Build.0 = Debug|Win32
		{64A68366-30BB-4D0E-9F88-98BEBDE3E960}.Release|Win32.ActiveCfg = Release|Win32
		{64A68366-30BB-4D0E-9F88-98BEBDE3E960}.Release|Win32.Build.0 = Release|Win32
		{A3484D1D-CEEB-4F39-B7AD-53B2730DB0B8}.Debug|Win32.ActiveCfg = Debug|Win32
		{A3484D1D-CEEB-4F39-B7AD-53B2730DB0B8}.Debug|Win32.Build.0 = Debug|Win32
		{A3484D1D-CEEB-4F39-B7AD-53B2730DB0B8}.Release|Win32.ActiveCfg = Release|Win32
		{A3484D1D-CEEB-4F39-B7AD-53B2730DB0B8}.Release|Win32.Build.0 = Release|Win32
		{1667AA73-5001-479E-B71E-99FC493207ED}.Debug|Win32.ActiveCfg = Debug|Win32
		{1667AA73-5001-479E-B71E-99FC493207ED}.Debug|Win32.Build.0 = Debug|Win32
		{1667AA73-5001-479E-B71E-99FC493207ED}.Release|Win32.ActiveCfg = Release|Win32
		{1667AA73-5001-479E-B71E-99FC493207ED}.Release|Win32.Build.0 = Release|Win32
		{CAC0D0C9-2EB6-469E-B15C-778FAC3436D2}.Debug|Win32.ActiveCfg = Debug|Win32
		{CAC0D0C9-2EB6-469E-B15C-778FAC3436D2}.Debug|Win32.Build.0 = Debug|Win32
		{CAC0D0C9-2EB6-469E-B15C-778FAC3436D2}.Release|Win32.ActiveCfg = Release|Win32
		{CAC0D0C9-2EB6-469E-B15C-778FAC3436D2}.Release|Win32.Build.0 = Release|Win32
		{0C0BBEE5-327C-4D60-955E-BF71A13DB3ED}.Debug|Win32.ActiveCfg = Debug|Win32
		{0C0BBEE5-327C-4D60-955E-BF71A13DB3ED}.Debug|Win32.Build.0 = Debug|Win32
		{0C0BBEE5-327C-4D60-955E-BF71A13DB3ED}.Release|Win32.ActiveCfg = Release|Win32
		{0C0BBEE5-327C-4D60-955E-BF71A13DB3ED}.Release|Win32.Build.0 = Release|Win32
		{E598A81D-D328-426E-BFBB-DF7A68A365E6}.Debug|Win32.ActiveCfg = Debug|Win32
		{E598A81D-D328-426E-BFBB-DF7A68A365E6}.Debug|Win32.Build.0 = Debug|Win32
		{E598A81D-D328-426E-BFBB-DF7A68A365E6}.Release|Win32.ActiveCfg = Release|Win32
		{E598A81D-D328-426E-BFBB-DF7A68A365E6}.Release|Win32.Build.0 = Release|Win32
		{F5CEBC35-F538-491E-98D9-654E928D5853}.Debug|Win32.ActiveCfg = Debug|Win32
		{F5CEBC35-F538-491E-98D9-654E928D5853}.Debug|Win32.Build.0 = Debug|Win32
		{F5CEBC35-F538-491E-98D9-654E928D5853}.Release|Win32.ActiveCfg = Release|Win32
		{F5CEBC35-F538-491E-98D9-654E928D5853}.Release|Win32.Build.0 = Release|Win32
		{91D0728A-35A8-4DDC-A4E2-0AE5BD947DDB}.Debug|Win32.ActiveCfg = Debug|Win32
		{91D0728A-35A8-4DDC-A4E2-0AE5BD947DDB}.Debug|Win32.Build.0 = Debug|Win32
		{91D0728A-35A8-4DDC-A4E2-0AE5BD947DDB}.Release|Win32.ActiveCfg = Release|Win32
		{91D0728A-35A8-4DDC-A4E2-0AE5BD947DDB}.Release|Win32.Build.0 = Release|Win32
		{154352DD-8900-4005-B09C-F6A4CA5A067C}.Debug|Win32.ActiveCfg = Debug|Win32
		{154352DD-8900-4005-B09C-F6A4CA5A067C}.Debug|Win32.Build.0 = Debug|Win32
		{154352DD-8900-4005-B09C-F6A4CA5A067C}.Release|Win32.ActiveCfg = Release|Win32
		{154352DD-8900-4005-B09C-F6A4CA5A067C}.Release|Win32.Build.0 = Release|Win32
		{A722099B-A0CC-47D0-BDC8-3C6C7DECCF93}.Debug|Win32.ActiveCfg = Debug|Win32
		{A722099B-A0CC-47D0-BDC8-3C6C7DECCF93}.Debug|Win32.Build.0 = Debug|Win32
		{A722099B-A0CC-47D0-BDC8-3C6C7DECCF93}.Release|Win32.ActiveCfg = Release|Win32
		{A722099B-A0CC-47D0-BDC8-3C6C7DECCF93}.Release|Win32.Build.0 = Release|Win32
		{42C77F2A-EFD7-4C82-9DB6-E3A66DA4860D}.Debug|Win32.ActiveCfg = Debug|Win32
		{42C77F2A-EFD7-4C82-9DB6-E3A66DA4860D}.Debug|Win32.Build.0 = Debug|Win32
		{42C77F2A-EFD7-4C82-9DB6-E3A66DA4860D}.Release|Win32.ActiveCfg = Release|Win32
		{42C77F2A-EFD7-4C82-9DB6-E3A66DA4860D}.Release|Win32.Build.0 = Release|Win32
		{80000CFF-1EC6-4807-B001-03CD6432C001}.Debug|Win32.ActiveCfg = Debug|Win32
		{80000CFF-1EC6-4807-B001-03CD6432C001}.Debug|Win32.Build.0 = Debug|Win32
		{80000CFF-1EC6-4807-B001-03CD6432C001}.Release|Win32.ActiveCfg = Release|Win32
		{80000CFF-1EC6-4807-B001-03CD6432C001}.Release|Win32.Build.0 = Release|Win32
		{BD015DE5-FFFA-4359-87CA-D94A6E8CCD04}.Debug|Win32.ActiveCfg = Debug|Win32
		{BD015DE5-FFFA-4359-87CA-D94A6E8CCD04}.Debug|Win32.Build.0 = Debug|Win32
		{BD015DE5-FFFA-4359-87CA-D94A6E8CCD04}.Release|Win32.ActiveCfg = Release|Win32
		{BD015DE5-FFFA-4359-87CA-D94A6E8CCD04}.Release|Win32.Build.0 = Release|Win32
		{B0A71FA6-558D-4E17-8F9A-A174B8027F22}.Debug|Win32.ActiveCfg = Debug|Win32
		{B0A71FA6-558D-4E17-8F9A-A174B8027F22}.Debug|Win32.Build.0 = Debug|Win32
		{B0A71FA6-558D-4E17-8F9A-A174B8027F22}.Release|Win32.ActiveCfg = Release|Win32
		{B0A71FA6-558D-4E17-8F9A-A174B8027F22}.Release|Win32.Build.0 = Release|Win32
		{439AEC40-8B12-42A3-9B44-E2E3AEDE43B9}.Debug|Win32.ActiveCfg = Debug|Win32
		{439AEC40-8B12-42A3-9B44-E2E3AEDE43B9}.Debug|Win32.Build.0 = Debug|Win32
		{439AEC40-8B12-42A3-9B44-E2E3AEDE43B9}.Release|Win32.ActiveCfg = Release|Win32
		{439AEC40-8B12-42A3-9B44-E2E3AEDE43B9}.Release|Win32.Build.0 = Release|Win32
		{E4AC4E1F-5382-44D2-9CB3-B97545DBEC55}.Debug|Win32.ActiveCfg = Debug|Win32
		{E4AC4E1F-5382-44D2-9CB3-B97545DBEC55}.Debug|Win32.Build.0 = Debug|Win32
		{E4AC4E1F-5382-44D2-9CB3-B97545DBEC55}.Release|Win32.ActiveCfg = Release|Win32
		{E4AC4E1F-5382-44D2-9CB3-B97545DBEC55}.Release|Win32.Build.0 = Release|Win32
		{74603762-07CE-4014-8152-5E0EC46364E2}.Debug|Win32.ActiveCfg = Debug|Win32
		{74603762-07CE-4014-8152-5E0EC46364E2}.Debug|Win32.Build.0 = Debug|Win32
		{74603762-07CE-4014-8152-5E0EC46364E2}.Release|Win32.ActiveCfg = Release|Win32
		{74603762-07CE-4014-8152-5E0EC46364E2}.Release|Win32.Build.0 = Release|Win32
		{F8748832-0033-4102-BA68-73FEBBCE55D6}.Debug|Win32.ActiveCfg = Debug|Win32
		{F8748832-0033-4102-BA68-73FEBBCE55D6}.Debug|Win32.Build.0 = Debug|Win32
		{F8748832-0033-4102-BA68-73FEBBCE55D6}.Release|Win32.ActiveCfg = Release|Win32
		{F8748832-0033-4102-BA68-73FEBBCE55D6}.Release|Win32.Build.0 = Release|Win32
		{88B40D0A-37B3-402C-A434-59A9EDAAE491}.Debug|Win32.ActiveCfg = Debug|Win32
		{88B40D0A-37B3-402C-A434-59A9EDAAE491}.Debug|Win32.Build.0 = Debug|Win32
		{88B40D0A-37B3-402C-A434-59A9EDAAE491}.Release|Win32.ActiveCfg = Release|Win32
		{88B40D0A-37B3-402C-A434-59A9EDAAE491}.Release|Win32.Build.0 = Release|Win32
		{8867FCE2-65ED-4E77-885D-C10C1F241BE2}.Debug|Win32.ActiveCfg = Debug|Win32
		{8867FCE2-65ED-4E77-885D-C10C1F241BE2}.Debug|Win32.Build.0 = Debug|Win32
		{8867FCE2-65ED-4E77-885D-C10C1F241BE2}.Release|Win32.ActiveCfg = Release|Win32
		{8867FCE2-65ED-4E77-885D-C10C1F241BE2}.Release|Win32.Build.0 = Release|Win32
		{AFF54345-7F0A-46F1-8933-8662D8070076}.Debug|Win32.ActiveCfg = Debug|Win32
		{AFF54345-7F0A-46F1-8933-8662D8070076}.Debug|Win32.Build.0 = Debug|Win32
		{AFF54345-7F0A-46F1-8933-8662D8070076}.Release|Win32.ActiveCfg = Release|Win32
		{AFF54345-7F0A-46F1-8933-8662D8070076}.Release|Win32.Build.0 = Release|Win32
		{039A4733-8F15-4A23-B409-33A7F2E46680}.Debug|Win32.ActiveCfg = Debug|Win32
		{039A4733-8F15-4A23-B409-33A7F2E46680}.Debug|Win32.Build.0 = Debug|Win32
		{039A4733-8F15-4A23-B409-33A7F2E46680}.Release|Win32.ActiveCfg = Release|Win32
		{039A4733-8F15-4A23-B409-33A7F2E46680}.Release|Win32.Build.0 = Release|Win32
		{FB1AB941-B8A1-4294-8DCA-84521A29A9E6}.Debug|Win32.ActiveCfg = Debug|Win32
		{FB1AB941-B8A1-4294-8DCA-84521A29A9E6}.Debug|Win32.Build.0 = Debug|Win32
		{FB1AB941-B8A1-4294-8DCA-84521A29A9E6}.Release|Win32.ActiveCfg = Release|Win32
		{FB1AB941-B8A1-4294-8DCA-84521A29A9E6}.Release|Win32.Build.0 = Release|Win32
		{96CC2B3E-B369-4DE9-8D63-3372617E8CA2}.Debug|Win32.ActiveCfg = Debug|Win32
		{96CC2B3E-B369-4DE9-8D63-3372617E8CA2}.Debug|Win32.Build.0 = Debug|Win32
		{96CC2B3E-B369-4DE9-8D63-3372617E8CA2}.Release|Win32.ActiveCfg = Release|Win32
		{96CC2B3E-B369-4DE9-8D63-3372617E8CA2}.Release|Win32.Build.0 = Release|Win32
		{7AE30722-B2E7-42FF-AAA9-C7E7F4F2B910}.Debug|Win32.ActiveCfg = Debug|Win32
		{7AE30722-B2E7-42FF-AAA9-C7E7F4F2B910}.Debug|Win32.Build.0 = Debug|Win32
		{7AE30722-B2E7-42FF-AAA9-C7E7F4F2B910}.Release|Win32.ActiveCfg = Release|Win32
		{7AE30722-B2E7-42FF-AAA9-C7E7F4F2B910}.Release|Win32.Build.0 = Release|Win32
		{0155F1CB-B12A-4A4A-AAE2-317F65A5B725}.Debug|Win32.ActiveCfg = Debug|Win32
		{0155F1CB-B12A-4A4A-AAE2-317F65A5B725}.Debug|Win32.Build.0 = Debug|Win32
		{0155F1CB-B12A-4A4A-AAE2-317F65A5B725}.Release|Win32.ActiveCfg = Release|Win32
		{0155F1CB-B12A-4A4A-AAE2-317F65A5B725}.Release|Win32.Build.0 = Release|Win32
		{7C47C814-81BA-443B-AA7C-3BDCDD3B39C1}.Debug|Win32.ActiveCfg = Debug|Win32
		{7C47C814-81BA-443B-AA7C-3BDCDD3B39C1}.Debug|Win32.Build.0 = Debug|Win32
		{7C47C814-81BA-443B-AA7C-3BDCDD3B39C1}.Release|Win32.ActiveCfg = Release|Win32
		{7C47C814-81BA-443B-AA7C-3BDCDD3B39C1}.Release|Win32.Build.0 = Release|Win32
		{8F6ED115-4218-448A-8BDA-103C971DD51A}.Debug|Win32.ActiveCfg = Debug|Win32
		{8F6ED115-4218-448A-8BDA-103C971DD51A}.Debug|Win32.Build.0 = Debug|Win32
		{8F6ED115-4218-448A-8BDA-103C971DD51A}.Release|Win32.ActiveCfg = Release|Win32
		{8F6ED115-4218-448A-8BDA-103C971DD51A}.Release|Win32.Build.0 = Release|Win32
		{A9C510C8-0AE9-49AD-A0CD-A0AEC1FE3F58}.Debug|Win32.ActiveCfg = Debug|Win32
		{A9C510C8-0AE9-49AD-A0CD-A0AEC1FE3F58}.Debug|Win32.Build.0 = Debug|Win32
		{A9C510C8-0AE9-49AD-A0CD-A0AEC1FE3F58}.Release|Win32.ActiveCfg = Release|Win32
		{A9C510C8-0AE9-49AD-A0CD-A0AEC1FE3F58}.Release|Win32.Build.0 = Release|Win32
		{FCE6201C-BD01-4F9E-A600-EFF36779A6E6}.Debug|Win32.ActiveCfg = Debug|Win32
		{FCE6201C-BD01-4F9E-A600-EFF36779A6E6}.Debug|Win32.Build.0 = Debug|Win32
		{FCE6201C-BD01-4F9E-A600-EFF36779A6E6}.Release|Win32.ActiveCfg = Release|Win32
		{FCE6201C-BD01-4F9E-A600-EFF36779A6E6}.Release|Win32.Build.0 = Release|Win32
		{D0565622-8741-4D8B-BC88-E1667F63EBF4}.Debug|Win32.ActiveCfg = Debug|Win32
		{D0565622-8741-4D8B-BC88-E1667F63EBF4}.Debug|Win32.Build.0 = Debug|Win32
		{D0565622-8741-4D8B-BC88-E1667F63EBF4}.Release|Win32.ActiveCfg = Release|Win32
		{D0565622-8741-4D8B-BC88-E1667F63EBF4}.Release|Win32.Build.0 = Release|Win32
		{3228504B-6C63-408D-917A-FFEFE17B04CB}.Debug|Win32.ActiveCfg = Debug|Win32
		{3228504B-6C63-408D-917A-FFEFE17B04CB}.Debug|Win32.Build.0 = Debug|Win32
		{3228504B-6C63-408D-917A-FFEFE17B04CB}.Release|Win32.ActiveCfg = Release|Win32
		{3228504B-6C63-408D-917A-FFEFE17B04CB}.Release|Win32.Build.0 = Release|Win32
		{A57EC5EA-E0B4-4788-BD3F-C14F045AA1CB}.Debug|Win32.ActiveCfg = Debug|Win32
		{A57EC5EA-E0B4-4788-BD3F-C14F045AA1CB}.Debug|Win32.Build.0 = Debug|Win32
		{A57EC5EA-E0B4-4788-BD3F-C14F045AA1CB}.Release|Win32.ActiveCfg = Release|Win32
		{A57EC5EA-E0B4-4788-BD3F-C14F045AA1CB}.Release|Win32.Build.0 = Release|Win32
		{1B91FF3B-A488-492A-84D7-190ABBB55E76}.Debug|Win32.ActiveCfg = Debug|Win32
		{1B91FF3B-A488-492A-84D7-190ABBB55E76}.Debug|Win32.Build.0 = Debug|Win32
		{1B91FF3B-A488-492A-84D7-190ABBB55E76}.Release|Win32.ActiveCfg = Release|Win32
		{1B91FF3B-A488-492A-84D7-190ABBB55E76}.Release|Win32.Build.0 = Release|Win32
		{EE349E04-FFED-4B2D-B365-D4D09149D4C2}.Debug|Win32.ActiveCfg = Debug|Win32
		{EE349E04-FFED-4B2D-B365-D4D09149D4C2}.Debug|Win32.Build.0 = Debug|Win32
		{EE349E04-FFED-4B2D-B365-D4D09149D4C2}.Release|Win32.ActiveCfg = Release|Win32
		{EE349E04-FFED-4B2D-B365-D4D09149D4C2}.Release|Win32.Build.0 = Release|Win32
	EndGlobalSection
	GlobalSection(SolutionProperties) = preSolution
		HideSolutionNode = FALSE
	EndGlobalSection
EndGlobal
